
Microsoft Visual Studio Solution File, Format Version 12.00
# Visual Studio 15
VisualStudioVersion = 15.0.27703.2042
MinimumVisualStudioVersion = 10.0.40219.1
Project("{FAE04EC0-301F-11D3-BF4B-00C04F79EFBC}") = "RobotOne.Web", "RobotOne.Web\RobotOne.Web.csproj", "{AB7EDADF-2258-4B3C-8261-62195EB4AFD1}"
EndProject
Project("{FAE04EC0-301F-11D3-BF4B-00C04F79EFBC}") = "RobotOne.WebApi", "RobotOne.WebApi\RobotOne.WebApi.csproj", "{8AC33061-FA3C-4FAD-95E9-C4C277A16B51}"
EndProject
Project("{FAE04EC0-301F-11D3-BF4B-00C04F79EFBC}") = "RobotOne.Core", "RobotOne.Core\RobotOne.Core.csproj", "{7CF9489C-5604-45DA-84DA-3EC07845B16C}"
EndProject
Project("{FAE04EC0-301F-11D3-BF4B-00C04F79EFBC}") = "RobotOne.Repository", "RobotOne.Repository\RobotOne.Repository.csproj", "{6DDAF818-E070-47FA-9CBF-B826DEC94E6C}"
EndProject
Project("{FAE04EC0-301F-11D3-BF4B-00C04F79EFBC}") = "RobotOne.Domain", "RobotOne.Domain\RobotOne.Domain.csproj", "{8D15532D-9AF6-45FA-ADD0-8FA8B784E72E}"
EndProject
Global
	GlobalSection(SolutionConfigurationPlatforms) = preSolution
		Debug|Any CPU = Debug|Any CPU
		Release|Any CPU = Release|Any CPU
	EndGlobalSection
	GlobalSection(ProjectConfigurationPlatforms) = postSolution
		{AB7EDADF-2258-4B3C-8261-62195EB4AFD1}.Debug|Any CPU.ActiveCfg = Debug|Any CPU
		{AB7EDADF-2258-4B3C-8261-62195EB4AFD1}.Debug|Any CPU.Build.0 = Debug|Any CPU
		{AB7EDADF-2258-4B3C-8261-62195EB4AFD1}.Release|Any CPU.ActiveCfg = Release|Any CPU
		{AB7EDADF-2258-4B3C-8261-62195EB4AFD1}.Release|Any CPU.Build.0 = Release|Any CPU
		{8AC33061-FA3C-4FAD-95E9-C4C277A16B51}.Debug|Any CPU.ActiveCfg = Debug|Any CPU
		{8AC33061-FA3C-4FAD-95E9-C4C277A16B51}.Debug|Any CPU.Build.0 = Debug|Any CPU
		{8AC33061-FA3C-4FAD-95E9-C4C277A16B51}.Release|Any CPU.ActiveCfg = Release|Any CPU
		{8AC33061-FA3C-4FAD-95E9-C4C277A16B51}.Release|Any CPU.Build.0 = Release|Any CPU
		{7CF9489C-5604-45DA-84DA-3EC07845B16C}.Debug|Any CPU.ActiveCfg = Debug|Any CPU
		{7CF9489C-5604-45DA-84DA-3EC07845B16C}.Debug|Any CPU.Build.0 = Debug|Any CPU
		{7CF9489C-5604-45DA-84DA-3EC07845B16C}.Release|Any CPU.ActiveCfg = Release|Any CPU
		{7CF9489C-5604-45DA-84DA-3EC07845B16C}.Release|Any CPU.Build.0 = Release|Any CPU
		{6DDAF818-E070-47FA-9CBF-B826DEC94E6C}.Debug|Any CPU.ActiveCfg = Debug|Any CPU
		{6DDAF818-E070-47FA-9CBF-B826DEC94E6C}.Debug|Any CPU.Build.0 = Debug|Any CPU
		{6DDAF818-E070-47FA-9CBF-B826DEC94E6C}.Release|Any CPU.ActiveCfg = Release|Any CPU
		{6DDAF818-E070-47FA-9CBF-B826DEC94E6C}.Release|Any CPU.Build.0 = Release|Any CPU
		{8D15532D-9AF6-45FA-ADD0-8FA8B784E72E}.Debug|Any CPU.ActiveCfg = Debug|Any CPU
		{8D15532D-9AF6-45FA-ADD0-8FA8B784E72E}.Debug|Any CPU.Build.0 = Debug|Any CPU
		{8D15532D-9AF6-45FA-ADD0-8FA8B784E72E}.Release|Any CPU.ActiveCfg = Release|Any CPU
		{8D15532D-9AF6-45FA-ADD0-8FA8B784E72E}.Release|Any CPU.Build.0 = Release|Any CPU
	EndGlobalSection
	GlobalSection(SolutionProperties) = preSolution
		HideSolutionNode = FALSE
	EndGlobalSection
	GlobalSection(ExtensibilityGlobals) = postSolution
		SolutionGuid = {2ABE497C-8330-4FE6-89EF-F7B9BA8B312C}
	EndGlobalSection
EndGlobal
